
Microsoft Visual Studio Solution File, Format Version 12.00
# Visual Studio Version 17
VisualStudioVersion = 17.7.34031.279
MinimumVisualStudioVersion = 10.0.40219.1
Project("{9A19103F-16F7-4668-BE54-9A1E7A4F7556}") = "APISimplesMongoDB", "APISimplesMongoDB\APISimplesMongoDB.csproj", "{5D7BD48C-DFCD-4F56-96E9-6F149727259F}"
EndProject
Project("{9A19103F-16F7-4668-BE54-9A1E7A4F7556}") = "APISimplesMongoDBTest", "APISimplesMongoDBTest\APISimplesMongoDBTest.csproj", "{4BF44371-5258-4454-B97A-6891D4C5216E}"
EndProject
Project("{2150E333-8FDC-42A3-9474-1A3956D46DE8}") = "Solution Items", "Solution Items", "{EC529D14-AFA2-482E-8D9C-64436499377B}"
	ProjectSection(SolutionItems) = preProject
		.editorconfig = .editorconfig
	EndProjectSection
EndProject
Global
	GlobalSection(SolutionConfigurationPlatforms) = preSolution
		Debug|Any CPU = Debug|Any CPU
		Release|Any CPU = Release|Any CPU
	EndGlobalSection
	GlobalSection(ProjectConfigurationPlatforms) = postSolution
		{5D7BD48C-DFCD-4F56-96E9-6F149727259F}.Debug|Any CPU.ActiveCfg = Debug|Any CPU
		{5D7BD48C-DFCD-4F56-96E9-6F149727259F}.Debug|Any CPU.Build.0 = Debug|Any CPU
		{5D7BD48C-DFCD-4F56-96E9-6F149727259F}.Release|Any CPU.ActiveCfg = Release|Any CPU
		{5D7BD48C-DFCD-4F56-96E9-6F149727259F}.Release|Any CPU.Build.0 = Release|Any CPU
		{4BF44371-5258-4454-B97A-6891D4C5216E}.Debug|Any CPU.ActiveCfg = Debug|Any CPU
		{4BF44371-5258-4454-B97A-6891D4C5216E}.Debug|Any CPU.Build.0 = Debug|Any CPU
		{4BF44371-5258-4454-B97A-6891D4C5216E}.Release|Any CPU.ActiveCfg = Release|Any CPU
		{4BF44371-5258-4454-B97A-6891D4C5216E}.Release|Any CPU.Build.0 = Release|Any CPU
	EndGlobalSection
	GlobalSection(SolutionProperties) = preSolution
		HideSolutionNode = FALSE
	EndGlobalSection
	GlobalSection(ExtensibilityGlobals) = postSolution
		SolutionGuid = {373A534A-061E-4303-9683-E6B498811097}
	EndGlobalSection
EndGlobal
